
Microsoft Visual Studio Solution File, Format Version 12.00
# Visual Studio Version 17
VisualStudioVersion = 17.10.34928.147
MinimumVisualStudioVersion = 10.0.40219.1
Project("{FAE04EC0-301F-11D3-BF4B-00C04F79EFBC}") = "WindowsFormsApp1", "WindowsFormsApp1\WindowsFormsApp1.csproj", "{4A0FBE53-20CA-43CE-B296-8130189814EA}"
EndProject
Global
	GlobalSection(SolutionConfigurationPlatforms) = preSolution
		Debug|Any CPU = Debug|Any CPU
		Release|Any CPU = Release|Any CPU
	EndGlobalSection
	GlobalSection(ProjectConfigurationPlatforms) = postSolution
		{4A0FBE53-20CA-43CE-B296-8130189814EA}.Debug|Any CPU.ActiveCfg = Debug|Any CPU
		{4A0FBE53-20CA-43CE-B296-8130189814EA}.Debug|Any CPU.Build.0 = Debug|Any CPU
		{4A0FBE53-20CA-43CE-B296-8130189814EA}.Release|Any CPU.ActiveCfg = Release|Any CPU
		{4A0FBE53-20CA-43CE-B296-8130189814EA}.Release|Any CPU.Build.0 = Release|Any CPU
	EndGlobalSection
	GlobalSection(SolutionProperties) = preSolution
		HideSolutionNode = FALSE
	EndGlobalSection
	GlobalSection(ExtensibilityGlobals) = postSolution
		SolutionGuid = {3FD2DE73-2216-4C2D-BA82-2FE26D0C5298}
	EndGlobalSection
EndGlobal
